
Microsoft Visual Studio Solution File, Format Version 12.00
# Visual Studio Version 17
VisualStudioVersion = 17.8.34330.188
MinimumVisualStudioVersion = 10.0.40219.1
Project("{FAE04EC0-301F-11D3-BF4B-00C04F79EFBC}") = "EasyCashIdentityProject.EntityLayer", "EasyCashIdentityProject.EntityLayer\EasyCashIdentityProject.EntityLayer.csproj", "{2E106CF0-60E9-4AE9-B81D-10FCE7A3AAB0}"
EndProject
Project("{FAE04EC0-301F-11D3-BF4B-00C04F79EFBC}") = "EasyCashIdentityProject.DataAccessLayer", "EasyCashIdentityProject.DataAccessLayer\EasyCashIdentityProject.DataAccessLayer.csproj", "{0AA53707-A6DD-4DA0-AA0E-CDF9D6B79EFF}"
EndProject
Project("{FAE04EC0-301F-11D3-BF4B-00C04F79EFBC}") = "EasyCashIdentityProject.Business.Layer", "EasyCashIdentityProject.Business.Layer\EasyCashIdentityProject.Business.Layer.csproj", "{E4DBE6DB-2C70-46DF-B579-E6F32737A241}"
EndProject
Project("{FAE04EC0-301F-11D3-BF4B-00C04F79EFBC}") = "EasyCashIdentityProject.Dto.Layer", "EasyCashIdentityProject.Dto.Layer\EasyCashIdentityProject.Dto.Layer.csproj", "{5667B1F1-F4ED-46F0-8948-6B0F3FFA967A}"
EndProject
Project("{FAE04EC0-301F-11D3-BF4B-00C04F79EFBC}") = "EasyCashIdentityProject.Presentation.Layer", "EasyCashIdentityProject.Presentation.Layer\EasyCashIdentityProject.Presentation.Layer.csproj", "{872625A8-495D-43DE-BE05-DE6204130CAC}"
EndProject
Global
	GlobalSection(SolutionConfigurationPlatforms) = preSolution
		Debug|Any CPU = Debug|Any CPU
		Release|Any CPU = Release|Any CPU
	EndGlobalSection
	GlobalSection(ProjectConfigurationPlatforms) = postSolution
		{2E106CF0-60E9-4AE9-B81D-10FCE7A3AAB0}.Debug|Any CPU.ActiveCfg = Debug|Any CPU
		{2E106CF0-60E9-4AE9-B81D-10FCE7A3AAB0}.Debug|Any CPU.Build.0 = Debug|Any CPU
		{2E106CF0-60E9-4AE9-B81D-10FCE7A3AAB0}.Release|Any CPU.ActiveCfg = Release|Any CPU
		{2E106CF0-60E9-4AE9-B81D-10FCE7A3AAB0}.Release|Any CPU.Build.0 = Release|Any CPU
		{0AA53707-A6DD-4DA0-AA0E-CDF9D6B79EFF}.Debug|Any CPU.ActiveCfg = Debug|Any CPU
		{0AA53707-A6DD-4DA0-AA0E-CDF9D6B79EFF}.Debug|Any CPU.Build.0 = Debug|Any CPU
		{0AA53707-A6DD-4DA0-AA0E-CDF9D6B79EFF}.Release|Any CPU.ActiveCfg = Release|Any CPU
		{0AA53707-A6DD-4DA0-AA0E-CDF9D6B79EFF}.Release|Any CPU.Build.0 = Release|Any CPU
		{E4DBE6DB-2C70-46DF-B579-E6F32737A241}.Debug|Any CPU.ActiveCfg = Debug|Any CPU
		{E4DBE6DB-2C70-46DF-B579-E6F32737A241}.Debug|Any CPU.Build.0 = Debug|Any CPU
		{E4DBE6DB-2C70-46DF-B579-E6F32737A241}.Release|Any CPU.ActiveCfg = Release|Any CPU
		{E4DBE6DB-2C70-46DF-B579-E6F32737A241}.Release|Any CPU.Build.0 = Release|Any CPU
		{5667B1F1-F4ED-46F0-8948-6B0F3FFA967A}.Debug|Any CPU.ActiveCfg = Debug|Any CPU
		{5667B1F1-F4ED-46F0-8948-6B0F3FFA967A}.Debug|Any CPU.Build.0 = Debug|Any CPU
		{5667B1F1-F4ED-46F0-8948-6B0F3FFA967A}.Release|Any CPU.ActiveCfg = Release|Any CPU
		{5667B1F1-F4ED-46F0-8948-6B0F3FFA967A}.Release|Any CPU.Build.0 = Release|Any CPU
		{872625A8-495D-43DE-BE05-DE6204130CAC}.Debug|Any CPU.ActiveCfg = Debug|Any CPU
		{872625A8-495D-43DE-BE05-DE6204130CAC}.Debug|Any CPU.Build.0 = Debug|Any CPU
		{872625A8-495D-43DE-BE05-DE6204130CAC}.Release|Any CPU.ActiveCfg = Release|Any CPU
		{872625A8-495D-43DE-BE05-DE6204130CAC}.Release|Any CPU.Build.0 = Release|Any CPU
	EndGlobalSection
	GlobalSection(SolutionProperties) = preSolution
		HideSolutionNode = FALSE
	EndGlobalSection
	GlobalSection(ExtensibilityGlobals) = postSolution
		SolutionGuid = {CB3D684E-9F6F-440B-82F6-C196326C3CC9}
	EndGlobalSection
EndGlobal
